schema: '2.0'
stages:
  preprocess:
    cmd: python preprocess.py
    deps:
    - path: data/diabetes.csv
      hash: md5
      md5: f2906818eda8fcfc8f8416557ab1e6df
      size: 23873
    outs:
    - path: data/diabetes_processed.csv
      hash: md5
      md5: f8183aa843a1f37607d7bc1131626f1b
      size: 24059
  train:
    cmd: python train.py
    deps:
    - path: data/diabetes_processed.csv
      hash: md5
      md5: f8183aa843a1f37607d7bc1131626f1b
      size: 24059
    outs:
    - path: model/diabetes_model.pkl
      hash: md5
      md5: 2242706150fb673729147238cccfbff4
      size: 1279
