schema: '2.0'
stages:
  preprocess:
    cmd: python preprocess.py
    deps:
    - path: data/diabetes.csv
      hash: md5
      md5: f2906818eda8fcfc8f8416557ab1e6df
      size: 23873
    outs:
    - path: data/diabetes_processed.csv
      hash: md5
      md5: f8183aa843a1f37607d7bc1131626f1b
      size: 24059
  train:
    cmd: python train.py
    deps:
    - path: data/diabetes_processed.csv
      hash: md5
      md5: f8183aa843a1f37607d7bc1131626f1b
      size: 24059
    - path: train.py
      hash: md5
      md5: f922b49cb7d049a90c6cbd029fa71e80
      size: 1915
    outs:
    - path: models/model.pkl
      hash: md5
      md5: db9733dff4b92043dad4be6b58d5de3a
      size: 971
  evaluate:
    cmd: python evaluate.py
    deps:
    - path: data/diabetes_processed.csv
      hash: md5
      md5: f8183aa843a1f37607d7bc1131626f1b
      size: 24059
    - path: evaluate.py
      hash: md5
      md5: feb99b8e563f469e6c1adf98e393addf
      size: 894
    - path: models/model.pkl
      hash: md5
      md5: db9733dff4b92043dad4be6b58d5de3a
      size: 971
    outs:
    - path: metrics.json
      hash: md5
      md5: c13b61be4d6bbbd61696d7083702f79f
      size: 139
